# generated by rye
# use `rye lock` or `rye sync` to update this lockfile
#
# last locked with the following flags:
#   pre: false
#   features: []
#   all-features: false
#   with-sources: false
#   generate-hashes: false
#   universal: false

boto3==1.35.10
boto3-stubs==1.35.12
botocore==1.35.10
    # via boto3
    # via s3transfer
botocore-stubs==1.35.12
    # via boto3-stubs
jmespath==1.0.1
    # via boto3
    # via botocore
mypy==1.11.2
mypy-boto3-s3==1.35.2
    # via boto3-stubs
mypy-extensions==1.0.0
    # via mypy
pillow==10.4.0
pymysql==1.1.1
python-dateutil==2.9.0.post0
    # via botocore
ruff==0.6.3
s3transfer==0.10.2
    # via boto3
six==1.16.0
    # via python-dateutil
types-awscrt==0.21.2
    # via botocore-stubs
types-pymysql==1.1.0.20240524
types-s3transfer==0.10.2
    # via boto3-stubs
typing-extensions==4.12.2
    # via mypy
urllib3==2.2.2
    # via botocore
